<?xml version="1.0" encoding="utf-8"?>
<Project ToolsVersion="4.0" xmlns="http://schemas.microsoft.com/developer/msbuild/2003">
  <ItemGroup>
    <Filter Include="Source Files">
      <UniqueIdentifier>{4FC737F1-C7A5-4376-A066-2A32D752A2FF}</UniqueIdentifier>
      <Extensions>cpp;c;cc;cxx;c++;cppm;ixx;def;odl;idl;hpj;bat;asm;asmx</Extensions>
    </Filter>
    <Filter Include="Header Files">
      <UniqueIdentifier>{93995380-89BD-4b04-88EB-625FBE52EBFB}</UniqueIdentifier>
      <Extensions>h;hh;hpp;hxx;h++;hm;inl;inc;ipp;xsd</Extensions>
    </Filter>
    <Filter Include="Resource Files">
      <UniqueIdentifier>{67DA6AB6-F800-4c08-8B7A-83BB121AAD01}</UniqueIdentifier>
      <Extensions>rc;ico;cur;bmp;dlg;rc2;rct;bin;rgs;gif;jpg;jpeg;jpe;resx;tiff;tif;png;wav;mfcribbon-ms</Extensions>
    </Filter>
    <Filter Include="Source Files\Soldiers">
      <UniqueIdentifier>{ac67adbf-25d8-47a0-9ad5-5d9252ae9140}</UniqueIdentifier>
    </Filter>
    <Filter Include="Header Files\Soldiers">
      <UniqueIdentifier>{a30d774a-90d7-412b-9846-8916de8cd9dc}</UniqueIdentifier>
    </Filter>
    <Filter Include="Header Files\Weapons">
      <UniqueIdentifier>{cd30820d-066e-4841-b29f-179b5daaa3d3}</UniqueIdentifier>
    </Filter>
    <Filter Include="Header Files\Machinery">
      <UniqueIdentifier>{9a7a4330-629e-4211-9a1b-63df67bbf6d6}</UniqueIdentifier>
    </Filter>
    <Filter Include="Header Files\Enums">
      <UniqueIdentifier>{2ad1d4f3-3eac-4c36-807d-32a7f759b1bf}</UniqueIdentifier>
    </Filter>
    <Filter Include="Source Files\Machinery">
      <UniqueIdentifier>{cda56211-9c45-4206-b81e-b592b7c58045}</UniqueIdentifier>
    </Filter>
    <Filter Include="Source Files\Weapons">
      <UniqueIdentifier>{46dbd9ef-41c7-4941-9d6d-8379d6ace4d6}</UniqueIdentifier>
    </Filter>
  </ItemGroup>
  <ItemGroup>
    <ClInclude Include="String.h">
      <Filter>Header Files</Filter>
    </ClInclude>
    <ClInclude Include="Captain.h">
      <Filter>Header Files\Soldiers</Filter>
    </ClInclude>
    <ClInclude Include="Colonel.h">
      <Filter>Header Files\Soldiers</Filter>
    </ClInclude>
    <ClInclude Include="Corporal.h">
      <Filter>Header Files\Soldiers</Filter>
    </ClInclude>
    <ClInclude Include="General.h">
      <Filter>Header Files\Soldiers</Filter>
    </ClInclude>
    <ClInclude Include="Lieutenant.h">
      <Filter>Header Files\Soldiers</Filter>
    </ClInclude>
    <ClInclude Include="Major.h">
      <Filter>Header Files\Soldiers</Filter>
    </ClInclude>
    <ClInclude Include="Private.h">
      <Filter>Header Files\Soldiers</Filter>
    </ClInclude>
    <ClInclude Include="Sergeant.h">
      <Filter>Header Files\Soldiers</Filter>
    </ClInclude>
    <ClInclude Include="Soldier.h">
      <Filter>Header Files\Soldiers</Filter>
    </ClInclude>
    <ClInclude Include="Specializations.h">
      <Filter>Header Files\Enums</Filter>
    </ClInclude>
    <ClInclude Include="Medals.h">
      <Filter>Header Files\Enums</Filter>
    </ClInclude>
    <ClInclude Include="Vector.hpp">
      <Filter>Header Files</Filter>
    </ClInclude>
    <ClInclude Include="Regiment.h">
      <Filter>Header Files</Filter>
    </ClInclude>
    <ClInclude Include="Anti_Tank.h">
      <Filter>Header Files\Machinery</Filter>
    </ClInclude>
    <ClInclude Include="Artillery.h">
      <Filter>Header Files\Machinery</Filter>
    </ClInclude>
    <ClInclude Include="Heavy_Tank.h">
      <Filter>Header Files\Machinery</Filter>
    </ClInclude>
    <ClInclude Include="Jeep.h">
      <Filter>Header Files\Machinery</Filter>
    </ClInclude>
    <ClInclude Include="Light_Tank.h">
      <Filter>Header Files\Machinery</Filter>
    </ClInclude>
    <ClInclude Include="Machinery.h">
      <Filter>Header Files\Machinery</Filter>
    </ClInclude>
    <ClInclude Include="Mortar.h">
      <Filter>Header Files\Machinery</Filter>
    </ClInclude>
    <ClInclude Include="Tank.h">
      <Filter>Header Files\Machinery</Filter>
    </ClInclude>
    <ClInclude Include="Vehicle.h">
      <Filter>Header Files\Machinery</Filter>
    </ClInclude>
    <ClInclude Include="Condition.h">
      <Filter>Header Files\Enums</Filter>
    </ClInclude>
    <ClInclude Include="MachineGun.h">
      <Filter>Header Files\Weapons</Filter>
    </ClInclude>
    <ClInclude Include="Pistol.h">
      <Filter>Header Files\Weapons</Filter>
    </ClInclude>
    <ClInclude Include="SniperRiffle.h">
      <Filter>Header Files\Weapons</Filter>
    </ClInclude>
    <ClInclude Include="Weapons.h">
      <Filter>Header Files\Weapons</Filter>
    </ClInclude>
    <ClInclude Include="AssaultRiffle.h">
      <Filter>Header Files\Weapons</Filter>
    </ClInclude>
  </ItemGroup>
  <ItemGroup>
    <ClCompile Include="String.cpp">
      <Filter>Source Files</Filter>
    </ClCompile>
    <ClCompile Include="Source.cpp">
      <Filter>Source Files</Filter>
    </ClCompile>
    <ClCompile Include="Soldier.cpp">
      <Filter>Source Files\Soldiers</Filter>
    </ClCompile>
    <ClCompile Include="Sergeant.cpp">
      <Filter>Source Files\Soldiers</Filter>
    </ClCompile>
    <ClCompile Include="Private.cpp">
      <Filter>Source Files\Soldiers</Filter>
    </ClCompile>
    <ClCompile Include="Major.cpp">
      <Filter>Source Files\Soldiers</Filter>
    </ClCompile>
    <ClCompile Include="Lieutenant.cpp">
      <Filter>Source Files\Soldiers</Filter>
    </ClCompile>
    <ClCompile Include="General.cpp">
      <Filter>Source Files\Soldiers</Filter>
    </ClCompile>
    <ClCompile Include="Corporal.cpp">
      <Filter>Source Files\Soldiers</Filter>
    </ClCompile>
    <ClCompile Include="Colonel.cpp">
      <Filter>Source Files\Soldiers</Filter>
    </ClCompile>
    <ClCompile Include="Captain.cpp">
      <Filter>Source Files\Soldiers</Filter>
    </ClCompile>
    <ClCompile Include="Regiment.cpp">
      <Filter>Source Files</Filter>
    </ClCompile>
    <ClCompile Include="MachineGun.cpp">
      <Filter>Source Files\Weapons</Filter>
    </ClCompile>
    <ClCompile Include="Pistol.cpp">
      <Filter>Source Files\Weapons</Filter>
    </ClCompile>
    <ClCompile Include="SniperRiffle.cpp">
      <Filter>Source Files\Weapons</Filter>
    </ClCompile>
    <ClCompile Include="Weapons.cpp">
      <Filter>Source Files\Weapons</Filter>
    </ClCompile>
    <ClCompile Include="Vehicle.cpp">
      <Filter>Source Files\Machinery</Filter>
    </ClCompile>
    <ClCompile Include="Tank.cpp">
      <Filter>Source Files\Machinery</Filter>
    </ClCompile>
    <ClCompile Include="Mortar.cpp">
      <Filter>Source Files\Machinery</Filter>
    </ClCompile>
    <ClCompile Include="Machinery.cpp">
      <Filter>Source Files\Machinery</Filter>
    </ClCompile>
    <ClCompile Include="Light_Tank.cpp">
      <Filter>Source Files\Machinery</Filter>
    </ClCompile>
    <ClCompile Include="Jeep.cpp">
      <Filter>Source Files\Machinery</Filter>
    </ClCompile>
    <ClCompile Include="Heavy_Tank.cpp">
      <Filter>Source Files\Machinery</Filter>
    </ClCompile>
    <ClCompile Include="Artillery.cpp">
      <Filter>Source Files\Machinery</Filter>
    </ClCompile>
    <ClCompile Include="Anti_Tank.cpp">
      <Filter>Source Files\Machinery</Filter>
    </ClCompile>
    <ClCompile Include="AssaultRiffle.cpp">
      <Filter>Source Files\Weapons</Filter>
    </ClCompile>
  </ItemGroup>
</Project>